
Microsoft Visual Studio Solution File, Format Version 12.00
# Visual Studio Version 16
VisualStudioVersion = 16.0.30907.101
MinimumVisualStudioVersion = 10.0.40219.1
Project("{FAE04EC0-301F-11D3-BF4B-00C04F79EFBC}") = "CarRental", "CarRental\CarRental.csproj", "{B0B2C956-C569-4BE4-9054-E137C5477D1E}"
EndProject
Global
	GlobalSection(SolutionConfigurationPlatforms) = preSolution
		Debug|Any CPU = Debug|Any CPU
		Release|Any CPU = Release|Any CPU
	EndGlobalSection
	GlobalSection(ProjectConfigurationPlatforms) = postSolution
		{B0B2C956-C569-4BE4-9054-E137C5477D1E}.Debug|Any CPU.ActiveCfg = Debug|Any CPU
		{B0B2C956-C569-4BE4-9054-E137C5477D1E}.Debug|Any CPU.Build.0 = Debug|Any CPU
		{B0B2C956-C569-4BE4-9054-E137C5477D1E}.Release|Any CPU.ActiveCfg = Release|Any CPU
		{B0B2C956-C569-4BE4-9054-E137C5477D1E}.Release|Any CPU.Build.0 = Release|Any CPU
	EndGlobalSection
	GlobalSection(SolutionProperties) = preSolution
		HideSolutionNode = FALSE
	EndGlobalSection
	GlobalSection(ExtensibilityGlobals) = postSolution
		SolutionGuid = {1E15E4AF-446A-44BA-8CC9-748DB10C87F5}
	EndGlobalSection
EndGlobal
